# THIS IS AN AUTOGENERATED FILE. DO NOT EDIT THIS FILE DIRECTLY.
# yarn lockfile v1


"@types/chai@^4.1.4":
  version "4.1.7"
  resolved "https://registry.yarnpkg.com/@types/chai/-/chai-4.1.7.tgz#1b8e33b61a8c09cbe1f85133071baa0dbf9fa71a"
  integrity sha512-2Y8uPt0/jwjhQ6EiluT0XCri1Dbplr0ZxfFXUz+ye13gaqE8u5gL5ppao1JrUYr9cIip5S6MvQzBS7Kke7U9VA==

"@types/mocha@^2.2.48":
  version "2.2.48"
  resolved "https://registry.yarnpkg.com/@types/mocha/-/mocha-2.2.48.tgz#3523b126a0b049482e1c3c11877460f76622ffab"
  integrity sha512-nlK/iyETgafGli8Zh9zJVCTicvU3iajSkRwOh3Hhiva598CMqNJ4NcVCGMTGKpGpTYj/9R8RLzS9NAykSSCqGw==

"@types/node@^7.0.70":
  version "7.10.2"
  resolved "https://registry.yarnpkg.com/@types/node/-/node-7.10.2.tgz#a98845168012d7a63a84d50e738829da43bdb0de"
  integrity sha512-RO4ig5taKmcrU4Rex8ojG1gpwFkjddzug9iPQSDvbewHN9vDpcFewevkaOK+KT+w1LeZnxbgOyfXwV4pxsQ4GQ==

abstract-leveldown@~0.12.0:
  version "0.12.4"
  resolved "https://registry.yarnpkg.com/abstract-leveldown/-/abstract-leveldown-0.12.4.tgz#29e18e632e60e4e221d5810247852a63d7b2e410"
  integrity sha1-KeGOYy5g5OIh1YECR4UqY9ey5BA=
  dependencies:
    xtend "~3.0.0"

ansi-regex@^2.0.0:
  version "2.1.1"
  resolved "https://registry.yarnpkg.com/ansi-regex/-/ansi-regex-2.1.1.tgz#c3b33ab5ee360d86e0e628f0468ae7ef27d654df"
  integrity sha1-w7M6te42DYbg5ijwRorn7yfWVN8=

ansi-styles@^2.2.1:
  version "2.2.1"
  resolved "https://registry.yarnpkg.com/ansi-styles/-/ansi-styles-2.2.1.tgz#b432dd3358b634cf75e1e4664368240533c1ddbe"
  integrity sha1-tDLdM1i2NM914eRmQ2gkBTPB3b4=

ansi-styles@^3.2.1:
  version "3.2.1"
  resolved "https://registry.yarnpkg.com/ansi-styles/-/ansi-styles-3.2.1.tgz#41fbb20243e50b12be0f04b8dedbf07520ce841d"
  integrity sha512-VT0ZI6kZRdTh8YyJw3SMbYm/u+NqfsAxEpWO0Pf9sq8/e94WxxOpPKx9FR1FlyCtOVDNOQ+8ntlqFxiRc+r5qA==
  dependencies:
    color-convert "^1.9.0"

argparse@^1.0.7:
  version "1.0.10"
  resolved "https://registry.yarnpkg.com/argparse/-/argparse-1.0.10.tgz#bcd6791ea5ae09725e17e5ad988134cd40b3d911"
  integrity sha512-o5Roy6tNG4SL/FOkCAN6RzjiakZS25RLYFrcMttJqbdd8BWrnA+fGz57iN5Pb06pvBGvl5gQ0B48dJlslXvoTg==
  dependencies:
    sprintf-js "~1.0.2"

arrify@^1.0.0:
  version "1.0.1"
  resolved "https://registry.yarnpkg.com/arrify/-/arrify-1.0.1.tgz#898508da2226f380df904728456849c1501a4b0d"
  integrity sha1-iYUI2iIm84DfkEcoRWhJwVAaSw0=

assertion-error@^1.1.0:
  version "1.1.0"
  resolved "https://registry.yarnpkg.com/assertion-error/-/assertion-error-1.1.0.tgz#e60b6b0e8f301bd97e5375215bda406c85118c0b"
  integrity sha512-jgsaNduz+ndvGyFt3uSuWqvy4lCnIJiovtouQN5JZHOKCS2QuhEdbcQHFhVksz2N2U9hXJo8odG7ETyWlEeuDw==

babel-code-frame@^6.22.0:
  version "6.26.0"
  resolved "https://registry.yarnpkg.com/babel-code-frame/-/babel-code-frame-6.26.0.tgz#63fd43f7dc1e3bb7ce35947db8fe369a3f58c74b"
  integrity sha1-Y/1D99weO7fONZR9uP42mj9Yx0s=
  dependencies:
    chalk "^1.1.3"
    esutils "^2.0.2"
    js-tokens "^3.0.2"

balanced-match@^1.0.0:
  version "1.0.0"
  resolved "https://registry.yarnpkg.com/balanced-match/-/balanced-match-1.0.0.tgz#89b4d199ab2bee49de164ea02b89ce462d71b767"
  integrity sha1-ibTRmasr7kneFk6gK4nORi1xt2c=

bcfg@~0.1.3:
  version "0.1.3"
  resolved "https://registry.yarnpkg.com/bcfg/-/bcfg-0.1.3.tgz#e34b3b2bf86d26af847efa165126cf1ef33d36a9"
  integrity sha512-N/ZpKumfVYcAE5nYc0t4guvMGmtFaFn2QLUVZ0+0e1DBoRR7U6uh94pES7d2R7BKiYuVN1EI9bgOGmWGK4Kvig==
  dependencies:
    bsert "~0.0.4"

bclient@~0.1.4:
  version "0.1.4"
  resolved "https://registry.yarnpkg.com/bclient/-/bclient-0.1.4.tgz#50bf339d5f65bca636eb732a6c4054a7f7c9877f"
  integrity sha512-1/O/X1iVy1Vxydcuw5zIe/5AERcfUNbV48MPs1g7ZWa0/1Lhve432vgA5OKLQXrHADABF1vuE+ar+mGMKEiOiw==
  dependencies:
    bcfg "~0.1.3"
    bcurl "~0.1.3"
    bsert "~0.0.4"

bcoin@danrobinson/bcash:
  version "1.1.0"
  resolved "https://codeload.github.com/danrobinson/bcash/tar.gz/720f35367d33e9bb595fd0aa97a0839d681aed4d"
  dependencies:
    bcfg "~0.1.3"
    bclient "~0.1.4"
    bcrypto "~2.0.0"
    bdb "~1.1.1"
    bdns "~0.1.2"
    bevent "~0.1.2"
    bfile "~0.1.2"
    bfilter "~1.0.1"
    bheep "~0.1.2"
    binet "~0.3.2"
    blgr "~0.1.2"
    blru "~0.1.3"
    blst "~0.1.2"
    bmutex "~0.1.3"
    bsert "~0.0.4"
    bsip "~0.1.2"
    bsock "~0.1.3"
    bsocks "~0.2.2"
    bstring "~0.3.2"
    btcp "~0.1.2"
    buffer-map "~0.0.3"
    bufio "~1.0.2"
    bupnp "~0.2.3"
    bval "~0.1.3"
    bweb "~0.1.4"
    mrmr "~0.1.2"
    n64 "~0.2.2"

bcrypto@^1.1.0:
  version "1.1.0"
  resolved "https://registry.yarnpkg.com/bcrypto/-/bcrypto-1.1.0.tgz#e2e9aa037b8914cc46efbb5933bd8603a3492099"
  integrity sha512-XOXwwnqnhH+9ASVHUtBP/tfzszHZ+TD5DMkER27OwF3wBUS8Rg/tnmfXRQ/h5hsrl5qPiTVtjsD6LjFvzgAIgw==
  dependencies:
    bindings "~1.3.0"
    bsert "~0.0.4"
    bufio "~1.0.1"
    nan "~2.10.0"

bcrypto@~2.0.0:
  version "2.0.0"
  resolved "https://registry.yarnpkg.com/bcrypto/-/bcrypto-2.0.0.tgz#364ba195bcbae3af3aa3edddced2bdff93f73bc1"
  integrity sha512-j4TtmOQDsaKDV2Xf0ksgsgCQCV2EsH1O8f1vNMOtUiSlGa1RjXCB/iKVu1gErjjeCqchnMaqOXMkiMGT6yeqvQ==
  dependencies:
    bindings "~1.3.0"
    bsert "~0.0.4"
    bufio "~1.0.2"
    nan "~2.11.0"

bcurl@~0.1.3:
  version "0.1.3"
  resolved "https://registry.yarnpkg.com/bcurl/-/bcurl-0.1.3.tgz#0f8b2916343b0757a5b12ea4a457e92a979abe96"
  integrity sha512-l9tG3yH52f0QYwP0g0G6K9fwpOi/1A95D9vIjAcoEMQaGl2jETxvRjiVsxMWBzo0OTwjjAZOc6HyDo1ZbkfI4g==
  dependencies:
    brq "~0.1.3"
    bsert "~0.0.4"
    bsock "~0.1.3"

bdb@~1.1.1:
  version "1.1.1"
  resolved "https://registry.yarnpkg.com/bdb/-/bdb-1.1.1.tgz#34ec6f3ce93731f3b55115f78aee06cd136704b5"
  integrity sha512-vuzkFcqTSDzZYYckVGUz37sna7KfdkMZ4t+96P3Ohw9z+uUwwakYe3G2G0ErwSLDvP7CadJrYwWtOFpu6ojSEw==
  dependencies:
    bindings "~1.3.0"
    bsert "~0.0.4"
    nan "~2.11.0"

bdns@~0.1.2:
  version "0.1.2"
  resolved "https://registry.yarnpkg.com/bdns/-/bdns-0.1.2.tgz#dd8917c6c1d767d05cc257e384246f08ed976c5a"
  integrity sha512-/b5KwvM5Uxb+CTFN/PjaJttHEcwTDQoZingvJViyQXS61aau4sqMBAZbKaS30ULq9c08sWamUWEnJGSSKq5gcA==
  dependencies:
    bsert "~0.0.4"

bevent@~0.1.2:
  version "0.1.2"
  resolved "https://registry.yarnpkg.com/bevent/-/bevent-0.1.2.tgz#6964b85bc0dd9cb939c36a5590b42792eb61dbe5"
  integrity sha512-YOqqEs+hvQ7n/VmxnfxM3jwxYAGcGO1Ls09RTCAsstROi9nVGhSMTnRi5OIPjlT9l+oFdQFUrExPxdSlXj4laQ==
  dependencies:
    bsert "~0.0.4"

bfile@~0.1.2:
  version "0.1.2"
  resolved "https://registry.yarnpkg.com/bfile/-/bfile-0.1.2.tgz#bbb7fa5d75a02be7ffe48ceb13321dfba5727e82"
  integrity sha512-k/GnFlGvy3Pxsko3BLpvyEPdFeSXrsq56fB6Zms8jlsiRv3BFDvzm2DI/RWFZzhEpiGPFjjFA6UamJZVBKUyzQ==

bfilter@~1.0.1:
  version "1.0.1"
  resolved "https://registry.yarnpkg.com/bfilter/-/bfilter-1.0.1.tgz#796aa4c0945370a22a4b8c4dc6d1f8dd00f00ac9"
  integrity sha512-x7LXV/y2TPX3YRT0DVW9v7jE7rxlS3jgbM5BmEAihvPrR8v2DICRVTM2FWS2QBL8PciSAYDZxgyyWwJPvOvUdg==
  dependencies:
    bsert "~0.0.4"
    bufio "~1.0.2"
    mrmr "~0.1.2"

bheep@~0.1.2:
  version "0.1.2"
  resolved "https://registry.yarnpkg.com/bheep/-/bheep-0.1.2.tgz#d8b7a9cd5d71bbb05501a9952fb22f98a268fcdf"
  integrity sha512-Ud+Y5iPGlHMgu2oaYSOPZNBqtUGn+/f7sLrvjpY81mHGDiH5bVDOCp13Wey57pdV6UBzz3L+LpskPRvN1YJ65g==
  dependencies:
    bsert "~0.0.4"

bindings@~1.3.0:
  version "1.3.0"
  resolved "https://registry.yarnpkg.com/bindings/-/bindings-1.3.0.tgz#b346f6ecf6a95f5a815c5839fc7cdb22502f1ed7"
  integrity sha512-DpLh5EzMR2kzvX1KIlVC0VkC3iZtHKTgdtZ0a3pglBZdaQFjt5S9g9xd1lE+YvXyfd6mtCeRnrUfOLYiTMlNSw==

binet@~0.3.2:
  version "0.3.2"
  resolved "https://registry.yarnpkg.com/binet/-/binet-0.3.2.tgz#07d5179888ce3618a13dbee280ee064e20f939cc"
  integrity sha512-ZsH2u3HlVgtN0K1XyQO9wLHe8qFpBq4c4tmOK8y83nnm8+VgI6Am365VVgpigwg4zZmMSa9MYfcPWdWWMMrBAA==
  dependencies:
    bs32 "~0.1.2"
    bsert "~0.0.4"

blgr@~0.1.2:
  version "0.1.2"
  resolved "https://registry.yarnpkg.com/blgr/-/blgr-0.1.2.tgz#7e1632fde303f744f037beaf123e44542a9c4daf"
  integrity sha512-PPX5ULDnOM8Hrky+6SihZQpHniIKp+0RjXVzFI0Ca6533ItHnd6YXU0VbM5VFWZ/dYc7FC74hWPu0j7yYJm2MQ==
  dependencies:
    bsert "~0.0.4"

blru@~0.1.3:
  version "0.1.3"
  resolved "https://registry.yarnpkg.com/blru/-/blru-0.1.3.tgz#c46dfcf7b0c3b678ee99cb7294e3d1902034cc7b"
  integrity sha512-VABNB1X4/9hahUwZL299ogkkob0+oHS65Hx3rKSVs+mUEU1VURhOkkzXxnvOCBSlECSjGHbd88gEc9PiEboDeA==
  dependencies:
    bsert "~0.0.4"

blst@~0.1.2:
  version "0.1.2"
  resolved "https://registry.yarnpkg.com/blst/-/blst-0.1.2.tgz#ad36e56008131f76df46d9c6e5f347552fb4803d"
  integrity sha512-R4lsoIwklHXTxGEkp7hhknr0zN41UhGNFsRd5zNJ7Wa67kAFlUFqcMqTpgzbFTZ9S0Cf37hn8OfeBhvFwVtvrg==
  dependencies:
    bsert "~0.0.4"

bmutex@~0.1.3:
  version "0.1.3"
  resolved "https://registry.yarnpkg.com/bmutex/-/bmutex-0.1.3.tgz#cf6bbfec86de49a1e317de06af867249bc320cbf"
  integrity sha512-VR6fZbVl2/GZOSUy2Cpl7ijVZKP/Ma9JUaGQBSw/xW5lJB7fF2qzmY0BLJ0s0TG+lAY0+1yqPiA3Nj1mlDEUdA==
  dependencies:
    bsert "~0.0.4"

brace-expansion@^1.1.7:
  version "1.1.11"
  resolved "https://registry.yarnpkg.com/brace-expansion/-/brace-expansion-1.1.11.tgz#3c7fcbf529d87226f3d2f52b966ff5271eb441dd"
  integrity sha512-iCuPHDFgrHX7H2vEI/5xpz07zSHB00TpugqhmYtVmMO6518mCuRMoOYFldEBl0g187ufozdaHgWKcYFb61qGiA==
  dependencies:
    balanced-match "^1.0.0"
    concat-map "0.0.1"

browser-stdout@1.3.0:
  version "1.3.0"
  resolved "https://registry.yarnpkg.com/browser-stdout/-/browser-stdout-1.3.0.tgz#f351d32969d32fa5d7a5567154263d928ae3bd1f"
  integrity sha1-81HTKWnTL6XXpVZxVCY9korjvR8=

brq@~0.1.3:
  version "0.1.3"
  resolved "https://registry.yarnpkg.com/brq/-/brq-0.1.3.tgz#678a8f4bd92c85f03328271c5f1736b998302bdc"
  integrity sha512-3wTf6IXQInJ8MedIuWmFcKL33dce7EZ7fY5aDSxzStSuvuODmpjXqNhxJ8RZ497l9CDA55Eyq1g1fJrT4LSfQQ==
  dependencies:
    bsert "~0.0.4"

bs32@~0.1.2:
  version "0.1.2"
  resolved "https://registry.yarnpkg.com/bs32/-/bs32-0.1.2.tgz#321c46ba4ff3798810e6235a5483fca31ddd9449"
  integrity sha512-d+6l8lN4OBd2Xp3hGqfRofR0QVztY2cdCyT4eSGjKFnEpEwrCW+h/FvInm13hHmjTqkkrxgdsKyPtvH7pGNV7Q==
  dependencies:
    bsert "~0.0.4"

bsert@~0.0.4:
  version "0.0.4"
  resolved "https://registry.yarnpkg.com/bsert/-/bsert-0.0.4.tgz#2b3c236357923f0625f948802a5f9b66c0383d0b"
  integrity sha512-VReLe1aTaHRmf80YLOHUk8ONQ48SjseZP76GlNIDheD5REYByn/Mm9yrtI0/ZCaFrcfxzgpiw1/hMMCUOSMa3w==

bsip@~0.1.2:
  version "0.1.2"
  resolved "https://registry.yarnpkg.com/bsip/-/bsip-0.1.2.tgz#caea6fb304bd23b647d061f4c93e1f834ad9ddad"
  integrity sha512-Pa3zJIghawS9kyYdmlYBYRMjOueCNSJ41IRwye5T0ptqB42Y91myD5jyf5dI7jcCDXePLAi6lGg1Pv2VsJUL5A==
  dependencies:
    bindings "~1.3.0"
    bsert "~0.0.4"
    nan "~2.11.0"

bsock@~0.1.3:
  version "0.1.3"
  resolved "https://registry.yarnpkg.com/bsock/-/bsock-0.1.3.tgz#c51cdafa4ec5a65617065ec578e4b5ac4ebde2f6"
  integrity sha512-XE/xHURZU1jVZ3u7ByLr4ecUWmy/3IePIbf4yBEMA5mpOBgwgyBUEOZg7stjsbx1+3MYjNvE4G1y84WuLELulg==
  dependencies:
    bsert "~0.0.4"

bsocks@~0.2.2:
  version "0.2.2"
  resolved "https://registry.yarnpkg.com/bsocks/-/bsocks-0.2.2.tgz#a5e09c2b22be90f7030cee26f40664492b025df5"
  integrity sha512-RRs21CTDM2hXt6Aj8rKu0ojzK9dKuJHmrQJstx/bneyhIyRDd+HItR4AbhficfvlcEy2zXUJ7eGypMHsIh91DQ==
  dependencies:
    binet "~0.3.2"
    bsert "~0.0.4"

bstring@~0.3.2:
  version "0.3.2"
  resolved "https://registry.yarnpkg.com/bstring/-/bstring-0.3.2.tgz#50dcfc347ab1177a5bd8d1dcb0bb7af196876dde"
  integrity sha512-ERoVLvK+sqTTenZtchqTR09yijowov/IDErTGJgI0uOHfK6cBjBRhLKqshBTxBWP8/q75dVhi4katyZCodJUig==
  dependencies:
    bindings "~1.3.0"
    bsert "~0.0.4"
    n64 "~0.2.2"
    nan "~2.11.0"

btcp@~0.1.2:
  version "0.1.2"
  resolved "https://registry.yarnpkg.com/btcp/-/btcp-0.1.2.tgz#9ea854cd463023866bf7c87e0ab905564c55f401"
  integrity sha512-pLCWOthLQVRkgrVmIjyuL1/NVEhz0lnmgc0I+jm5ZYZ7rkuHYkjmq4qAzqMo/4EYMMAAbdq1CNhuhgVs65nl+A==

buffer-map@~0.0.3:
  version "0.0.3"
  resolved "https://registry.yarnpkg.com/buffer-map/-/buffer-map-0.0.3.tgz#afdb7adaca63a265eea3786381436330619376f9"
  integrity sha512-7LgIEyPqfRohq8IfFCyC/aFj+TuoOz3tLstmI+LObSSF0tzI4DoB99/3sdkwIKrr0pLygqIgw/Tn4dt+erdt+Q==

bufio@~1.0.1, bufio@~1.0.2:
  version "1.0.2"
  resolved "https://registry.yarnpkg.com/bufio/-/bufio-1.0.2.tgz#09241a54d91fc20ee791615c76ee9feff0e55e37"
  integrity sha512-Iy21XxtsPuBNjiny0/h6qIY9uKi91ZCvdbXOLJEV8dAKXE3COxWMfzcXXN3dpSQXhe6FiJ3iBZxzNfpjyPccug==

builtin-modules@^1.1.1:
  version "1.1.1"
  resolved "https://registry.yarnpkg.com/builtin-modules/-/builtin-modules-1.1.1.tgz#270f076c5a72c02f5b65a47df94c5fe3a278892f"
  integrity sha1-Jw8HbFpywC9bZaR9+Uxf46J4iS8=

bupnp@~0.2.3:
  version "0.2.3"
  resolved "https://registry.yarnpkg.com/bupnp/-/bupnp-0.2.3.tgz#3e288370d76e1aff43f3b49fff70a00e5a601e8e"
  integrity sha512-2Q4AAQbpGWr2znRGrwdqjMcl6WzA7/aWtRaFYQWJ3qKxgNdTvPfA68g4/Ie4Bp/N4zBWgvZA0IO8CrEs6/olSQ==
  dependencies:
    binet "~0.3.2"
    brq "~0.1.3"
    bsert "~0.0.4"

bval@~0.1.3:
  version "0.1.3"
  resolved "https://registry.yarnpkg.com/bval/-/bval-0.1.3.tgz#93191ad1b7b825fa7f71a79beec72cc1349e3546"
  integrity sha512-DLQAjvVCbAUFVy2jnMyKtk4gjoYyQTXeu61ykPiTEOl/wdzgYGu5gdxvp3cLi6hzZzplOAgGG5zMc6w6+ZzoPA==
  dependencies:
    bsert "~0.0.4"

bweb@~0.1.4:
  version "0.1.4"
  resolved "https://registry.yarnpkg.com/bweb/-/bweb-0.1.4.tgz#eb4a1bcf3e8b5708d1c5588555d86d869ca3feea"
  integrity sha512-FcqJgkA8SA89KsqEcGo3nr6ZaOP4sobkocQn0vhwcoBrbl8an1vo27/2XazqhHaCuCPr2BhWK6q6ITHc00WGew==
  dependencies:
    bsert "~0.0.4"
    bsock "~0.1.3"

chai@^4.1.2:
  version "4.2.0"
  resolved "https://registry.yarnpkg.com/chai/-/chai-4.2.0.tgz#760aa72cf20e3795e84b12877ce0e83737aa29e5"
  integrity sha512-XQU3bhBukrOsQCuwZndwGcCVQHyZi53fQ6Ys1Fym7E4olpIqqZZhhoFJoaKVvV17lWQoXYwgWN2nF5crA8J2jw==
  dependencies:
    assertion-error "^1.1.0"
    check-error "^1.0.2"
    deep-eql "^3.0.1"
    get-func-name "^2.0.0"
    pathval "^1.1.0"
    type-detect "^4.0.5"

chalk@^1.1.3:
  version "1.1.3"
  resolved "https://registry.yarnpkg.com/chalk/-/chalk-1.1.3.tgz#a8115c55e4a702fe4d150abd3872822a7e09fc98"
  integrity sha1-qBFcVeSnAv5NFQq9OHKCKn4J/Jg=
  dependencies:
    ansi-styles "^2.2.1"
    escape-string-regexp "^1.0.2"
    has-ansi "^2.0.0"
    strip-ansi "^3.0.0"
    supports-color "^2.0.0"

chalk@^2.0.0, chalk@^2.3.0:
  version "2.4.1"
  resolved "https://registry.yarnpkg.com/chalk/-/chalk-2.4.1.tgz#18c49ab16a037b6eb0152cc83e3471338215b66e"
  integrity sha512-ObN6h1v2fTJSmUXoS3nMQ92LbDK9be4TV+6G+omQlGJFdcUX5heKi1LZ1YnRMIgwTLEj3E24bT6tYni50rlCfQ==
  dependencies:
    ansi-styles "^3.2.1"
    escape-string-regexp "^1.0.5"
    supports-color "^5.3.0"

check-error@^1.0.2:
  version "1.0.2"
  resolved "https://registry.yarnpkg.com/check-error/-/check-error-1.0.2.tgz#574d312edd88bb5dd8912e9286dd6c0aed4aac82"
  integrity sha1-V00xLt2Iu13YkS6Sht1sCu1KrII=

color-convert@^1.9.0:
  version "1.9.3"
  resolved "https://registry.yarnpkg.com/color-convert/-/color-convert-1.9.3.tgz#bb71850690e1f136567de629d2d5471deda4c1e8"
  integrity sha512-QfAUtd+vFdAtFQcC8CCyYt1fYWxSqAiK2cSD6zDB8N3cpsEBAvRxp9zOGg6G/SHHJYAT88/az/IuDGALsNVbGg==
  dependencies:
    color-name "1.1.3"

color-name@1.1.3:
  version "1.1.3"
  resolved "https://registry.yarnpkg.com/color-name/-/color-name-1.1.3.tgz#a7d0558bd89c42f795dd42328f740831ca53bc25"
  integrity sha1-p9BVi9icQveV3UIyj3QIMcpTvCU=

commander@2.9.0:
  version "2.9.0"
  resolved "https://registry.yarnpkg.com/commander/-/commander-2.9.0.tgz#9c99094176e12240cb22d6c5146098400fe0f7d4"
  integrity sha1-nJkJQXbhIkDLItbFFGCYQA/g99Q=
  dependencies:
    graceful-readlink ">= 1.0.0"

commander@^2.12.1:
  version "2.19.0"
  resolved "https://registry.yarnpkg.com/commander/-/commander-2.19.0.tgz#f6198aa84e5b83c46054b94ddedbfed5ee9ff12a"
  integrity sha512-6tvAOO+D6OENvRAh524Dh9jcfKTYDQAqvqezbCW82xj5X0pSrcpxtvRKHLG0yBY6SD7PSDrJaj+0AiOcKVd1Xg==

concat-map@0.0.1:
  version "0.0.1"
  resolved "https://registry.yarnpkg.com/concat-map/-/concat-map-0.0.1.tgz#d8a96bd77fd68df7793a73036a3ba0d5405d477b"
  integrity sha1-2Klr13/Wjfd5OnMDajug1UBdR3s=

debug@2.6.8:
  version "2.6.8"
  resolved "https://registry.yarnpkg.com/debug/-/debug-2.6.8.tgz#e731531ca2ede27d188222427da17821d68ff4fc"
  integrity sha1-5zFTHKLt4n0YgiJCfaF4IdaP9Pw=
  dependencies:
    ms "2.0.0"

deep-eql@^3.0.1:
  version "3.0.1"
  resolved "https://registry.yarnpkg.com/deep-eql/-/deep-eql-3.0.1.tgz#dfc9404400ad1c8fe023e7da1df1c147c4b444df"
  integrity sha512-+QeIQyN5ZuO+3Uk5DYh6/1eKO0m0YmJFGNmFHGACpf1ClL1nmlV/p4gNgbl2pJGxgXb4faqo6UE+M5ACEMyVcw==
  dependencies:
    type-detect "^4.0.0"

diff@3.2.0:
  version "3.2.0"
  resolved "https://registry.yarnpkg.com/diff/-/diff-3.2.0.tgz#c9ce393a4b7cbd0b058a725c93df299027868ff9"
  integrity sha1-yc45Okt8vQsFinJck98pkCeGj/k=

diff@^3.1.0, diff@^3.2.0:
  version "3.5.0"
  resolved "https://registry.yarnpkg.com/diff/-/diff-3.5.0.tgz#800c0dd1e0a8bfbc95835c202ad220fe317e5a12"
  integrity sha512-A46qtFgd+g7pDZinpnwiRJtxbC1hpgf0uzP3iG89scHk0AUC7A1TGxf5OiiOUv/JMZR8GOt8hL900hV0bOy5xA==

escape-string-regexp@1.0.5, escape-string-regexp@^1.0.2, escape-string-regexp@^1.0.5:
  version "1.0.5"
  resolved "https://registry.yarnpkg.com/escape-string-regexp/-/escape-string-regexp-1.0.5.tgz#1b61c0562190a8dff6ae3bb2cf0200ca130b86d4"
  integrity sha1-G2HAViGQqN/2rjuyzwIAyhMLhtQ=

esprima@^4.0.0:
  version "4.0.1"
  resolved "https://registry.yarnpkg.com/esprima/-/esprima-4.0.1.tgz#13b04cdb3e6c5d19df91ab6987a8695619b0aa71"
  integrity sha512-eGuFFw7Upda+g4p+QHvnW0RyTX/SVeJBDM/gCtMARO0cLuT2HcEKnTPvhjV6aGeqrCB/sbNop0Kszm0jsaWU4A==

esutils@^2.0.2:
  version "2.0.2"
  resolved "https://registry.yarnpkg.com/esutils/-/esutils-2.0.2.tgz#0abf4f1caa5bcb1f7a9d8acc6dea4faaa04bac9b"
  integrity sha1-Cr9PHKpbyx96nYrMbepPqqBLrJs=

fs.realpath@^1.0.0:
  version "1.0.0"
  resolved "https://registry.yarnpkg.com/fs.realpath/-/fs.realpath-1.0.0.tgz#1504ad2523158caa40db4a2787cb01411994ea4f"
  integrity sha1-FQStJSMVjKpA20onh8sBQRmU6k8=

get-func-name@^2.0.0:
  version "2.0.0"
  resolved "https://registry.yarnpkg.com/get-func-name/-/get-func-name-2.0.0.tgz#ead774abee72e20409433a066366023dd6887a41"
  integrity sha1-6td0q+5y4gQJQzoGY2YCPdaIekE=

glob@7.1.1:
  version "7.1.1"
  resolved "https://registry.yarnpkg.com/glob/-/glob-7.1.1.tgz#805211df04faaf1c63a3600306cdf5ade50b2ec8"
  integrity sha1-gFIR3wT6rxxjo2ADBs31reULLsg=
  dependencies:
    fs.realpath "^1.0.0"
    inflight "^1.0.4"
    inherits "2"
    minimatch "^3.0.2"
    once "^1.3.0"
    path-is-absolute "^1.0.0"

glob@^7.1.1:
  version "7.1.3"
  resolved "https://registry.yarnpkg.com/glob/-/glob-7.1.3.tgz#3960832d3f1574108342dafd3a67b332c0969df1"
  integrity sha512-vcfuiIxogLV4DlGBHIUOwI0IbrJ8HWPc4MU7HzviGeNho/UJDfi6B5p3sHeWIQ0KGIU0Jpxi5ZHxemQfLkkAwQ==
  dependencies:
    fs.realpath "^1.0.0"
    inflight "^1.0.4"
    inherits "2"
    minimatch "^3.0.4"
    once "^1.3.0"
    path-is-absolute "^1.0.0"

"graceful-readlink@>= 1.0.0":
  version "1.0.1"
  resolved "https://registry.yarnpkg.com/graceful-readlink/-/graceful-readlink-1.0.1.tgz#4cafad76bc62f02fa039b2f94e9a3dd3a391a725"
  integrity sha1-TK+tdrxi8C+gObL5Tpo906ORpyU=

growl@1.9.2:
  version "1.9.2"
  resolved "https://registry.yarnpkg.com/growl/-/growl-1.9.2.tgz#0ea7743715db8d8de2c5ede1775e1b45ac85c02f"
  integrity sha1-Dqd0NxXbjY3ixe3hd14bRayFwC8=

has-ansi@^2.0.0:
  version "2.0.0"
  resolved "https://registry.yarnpkg.com/has-ansi/-/has-ansi-2.0.0.tgz#34f5049ce1ecdf2b0649af3ef24e45ed35416d91"
  integrity sha1-NPUEnOHs3ysGSa8+8k5F7TVBbZE=
  dependencies:
    ansi-regex "^2.0.0"

has-flag@^1.0.0:
  version "1.0.0"
  resolved "https://registry.yarnpkg.com/has-flag/-/has-flag-1.0.0.tgz#9d9e793165ce017a00f00418c43f942a7b1d11fa"
  integrity sha1-nZ55MWXOAXoA8AQYxD+UKnsdEfo=

has-flag@^3.0.0:
  version "3.0.0"
  resolved "https://registry.yarnpkg.com/has-flag/-/has-flag-3.0.0.tgz#b5d454dc2199ae225699f3467e5a07f3b955bafd"
  integrity sha1-tdRU3CGZriJWmfNGfloH87lVuv0=

he@1.1.1:
  version "1.1.1"
  resolved "https://registry.yarnpkg.com/he/-/he-1.1.1.tgz#93410fd21b009735151f8868c2f271f3427e23fd"
  integrity sha1-k0EP0hsAlzUVH4howvJx80J+I/0=

homedir-polyfill@^1.0.1:
  version "1.0.1"
  resolved "https://registry.yarnpkg.com/homedir-polyfill/-/homedir-polyfill-1.0.1.tgz#4c2bbc8a758998feebf5ed68580f76d46768b4bc"
  integrity sha1-TCu8inWJmP7r9e1oWA921GdotLw=
  dependencies:
    parse-passwd "^1.0.0"

idb-wrapper@^1.5.0:
  version "1.7.2"
  resolved "https://registry.yarnpkg.com/idb-wrapper/-/idb-wrapper-1.7.2.tgz#8251afd5e77fe95568b1c16152eb44b396767ea2"
  integrity sha512-zfNREywMuf0NzDo9mVsL0yegjsirJxHpKHvWcyRozIqQy89g0a3U+oBPOCN4cc0oCiOuYgZHimzaW/R46G1Mpg==

inflight@^1.0.4:
  version "1.0.6"
  resolved "https://registry.yarnpkg.com/inflight/-/inflight-1.0.6.tgz#49bd6331d7d02d0c09bc910a1075ba8165b56df9"
  integrity sha1-Sb1jMdfQLQwJvJEKEHW6gWW1bfk=
  dependencies:
    once "^1.3.0"
    wrappy "1"

inherits@2:
  version "2.0.3"
  resolved "https://registry.yarnpkg.com/inherits/-/inherits-2.0.3.tgz#633c2c83e3da42a502f52466022480f4208261de"
  integrity sha1-Yzwsg+PaQqUC9SRmAiSA9CCCYd4=

isbuffer@~0.0.0:
  version "0.0.0"
  resolved "https://registry.yarnpkg.com/isbuffer/-/isbuffer-0.0.0.tgz#38c146d9df528b8bf9b0701c3d43cf12df3fc39b"
  integrity sha1-OMFG2d9Si4v5sHAcPUPPEt8/w5s=

js-tokens@^3.0.2:
  version "3.0.2"
  resolved "https://registry.yarnpkg.com/js-tokens/-/js-tokens-3.0.2.tgz#9866df395102130e38f7f996bceb65443209c25b"
  integrity sha1-mGbfOVECEw449/mWvOtlRDIJwls=

js-yaml@^3.7.0:
  version "3.12.0"
  resolved "https://registry.yarnpkg.com/js-yaml/-/js-yaml-3.12.0.tgz#eaed656ec8344f10f527c6bfa1b6e2244de167d1"
  integrity sha512-PIt2cnwmPfL4hKNwqeiuz4bKfnzHTBv6HyVgjahA6mPLwPDzjDWrplJBMjHUFxku/N3FlmrbyPclad+I+4mJ3A==
  dependencies:
    argparse "^1.0.7"
    esprima "^4.0.0"

json3@3.3.2:
  version "3.3.2"
  resolved "https://registry.yarnpkg.com/json3/-/json3-3.3.2.tgz#3c0434743df93e2f5c42aee7b19bcb483575f4e1"
  integrity sha1-PAQ0dD35Pi9cQq7nsZvLSDV19OE=

level-js@^2.2.4:
  version "2.2.4"
  resolved "https://registry.yarnpkg.com/level-js/-/level-js-2.2.4.tgz#bc055f4180635d4489b561c9486fa370e8c11697"
  integrity sha1-vAVfQYBjXUSJtWHJSG+jcOjBFpc=
  dependencies:
    abstract-leveldown "~0.12.0"
    idb-wrapper "^1.5.0"
    isbuffer "~0.0.0"
    ltgt "^2.1.2"
    typedarray-to-buffer "~1.0.0"
    xtend "~2.1.2"

lodash._baseassign@^3.0.0:
  version "3.2.0"
  resolved "https://registry.yarnpkg.com/lodash._baseassign/-/lodash._baseassign-3.2.0.tgz#8c38a099500f215ad09e59f1722fd0c52bfe0a4e"
  integrity sha1-jDigmVAPIVrQnlnxci/QxSv+Ck4=
  dependencies:
    lodash._basecopy "^3.0.0"
    lodash.keys "^3.0.0"

lodash._basecopy@^3.0.0:
  version "3.0.1"
  resolved "https://registry.yarnpkg.com/lodash._basecopy/-/lodash._basecopy-3.0.1.tgz#8da0e6a876cf344c0ad8a54882111dd3c5c7ca36"
  integrity sha1-jaDmqHbPNEwK2KVIghEd08XHyjY=

lodash._basecreate@^3.0.0:
  version "3.0.3"
  resolved "https://registry.yarnpkg.com/lodash._basecreate/-/lodash._basecreate-3.0.3.tgz#1bc661614daa7fc311b7d03bf16806a0213cf821"
  integrity sha1-G8ZhYU2qf8MRt9A78WgGoCE8+CE=

lodash._getnative@^3.0.0:
  version "3.9.1"
  resolved "https://registry.yarnpkg.com/lodash._getnative/-/lodash._getnative-3.9.1.tgz#570bc7dede46d61cdcde687d65d3eecbaa3aaff5"
  integrity sha1-VwvH3t5G1hzc3mh9ZdPuy6o6r/U=

lodash._isiterateecall@^3.0.0:
  version "3.0.9"
  resolved "https://registry.yarnpkg.com/lodash._isiterateecall/-/lodash._isiterateecall-3.0.9.tgz#5203ad7ba425fae842460e696db9cf3e6aac057c"
  integrity sha1-UgOte6Ql+uhCRg5pbbnPPmqsBXw=

lodash.create@3.1.1:
  version "3.1.1"
  resolved "https://registry.yarnpkg.com/lodash.create/-/lodash.create-3.1.1.tgz#d7f2849f0dbda7e04682bb8cd72ab022461debe7"
  integrity sha1-1/KEnw29p+BGgruM1yqwIkYd6+c=
  dependencies:
    lodash._baseassign "^3.0.0"
    lodash._basecreate "^3.0.0"
    lodash._isiterateecall "^3.0.0"

lodash.isarguments@^3.0.0:
  version "3.1.0"
  resolved "https://registry.yarnpkg.com/lodash.isarguments/-/lodash.isarguments-3.1.0.tgz#2f573d85c6a24289ff00663b491c1d338ff3458a"
  integrity sha1-L1c9hcaiQon/AGY7SRwdM4/zRYo=

lodash.isarray@^3.0.0:
  version "3.0.4"
  resolved "https://registry.yarnpkg.com/lodash.isarray/-/lodash.isarray-3.0.4.tgz#79e4eb88c36a8122af86f844aa9bcd851b5fbb55"
  integrity sha1-eeTriMNqgSKvhvhEqpvNhRtfu1U=

lodash.keys@^3.0.0:
  version "3.1.2"
  resolved "https://registry.yarnpkg.com/lodash.keys/-/lodash.keys-3.1.2.tgz#4dbc0472b156be50a0b286855d1bd0b0c656098a"
  integrity sha1-TbwEcrFWvlCgsoaFXRvQsMZWCYo=
  dependencies:
    lodash._getnative "^3.0.0"
    lodash.isarguments "^3.0.0"
    lodash.isarray "^3.0.0"

ltgt@^2.1.2:
  version "2.2.1"
  resolved "https://registry.yarnpkg.com/ltgt/-/ltgt-2.2.1.tgz#f35ca91c493f7b73da0e07495304f17b31f87ee5"
  integrity sha1-81ypHEk/e3PaDgdJUwTxezH4fuU=

make-error@^1.1.1:
  version "1.3.5"
  resolved "https://registry.yarnpkg.com/make-error/-/make-error-1.3.5.tgz#efe4e81f6db28cadd605c70f29c831b58ef776c8"
  integrity sha512-c3sIjNUow0+8swNwVpqoH4YCShKNFkMaw6oH1mNS2haDZQqkeZFlHS3dhoeEbKKmJB4vXpJucU6oH75aDYeE9g==

minimatch@^3.0.2, minimatch@^3.0.4:
  version "3.0.4"
  resolved "https://registry.yarnpkg.com/minimatch/-/minimatch-3.0.4.tgz#5166e286457f03306064be5497e8dbb0c3d32083"
  integrity sha512-yJHVQEhyqPLUTgt9B83PXu6W3rx4MvvHvSUvToogpwoGDOUQ+yDrR0HRot+yOCdCO7u4hX3pWft6kWBBcqh0UA==
  dependencies:
    brace-expansion "^1.1.7"

minimist@0.0.8:
  version "0.0.8"
  resolved "https://registry.yarnpkg.com/minimist/-/minimist-0.0.8.tgz#857fcabfc3397d2625b8228262e86aa7a011b05d"
  integrity sha1-hX/Kv8M5fSYluCKCYuhqp6ARsF0=

minimist@^1.2.0:
  version "1.2.0"
  resolved "https://registry.yarnpkg.com/minimist/-/minimist-1.2.0.tgz#a35008b20f41383eec1fb914f4cd5df79a264284"
  integrity sha1-o1AIsg9BOD7sH7kU9M1d95omQoQ=

mkdirp@0.5.1, mkdirp@^0.5.1:
  version "0.5.1"
  resolved "https://registry.yarnpkg.com/mkdirp/-/mkdirp-0.5.1.tgz#30057438eac6cf7f8c4767f38648d6697d75c903"
  integrity sha1-MAV0OOrGz3+MR2fzhkjWaX11yQM=
  dependencies:
    minimist "0.0.8"

mocha@^3.5.3:
  version "3.5.3"
  resolved "https://registry.yarnpkg.com/mocha/-/mocha-3.5.3.tgz#1e0480fe36d2da5858d1eb6acc38418b26eaa20d"
  integrity sha512-/6na001MJWEtYxHOV1WLfsmR4YIynkUEhBwzsb+fk2qmQ3iqsi258l/Q2MWHJMImAcNpZ8DEdYAK72NHoIQ9Eg==
  dependencies:
    browser-stdout "1.3.0"
    commander "2.9.0"
    debug "2.6.8"
    diff "3.2.0"
    escape-string-regexp "1.0.5"
    glob "7.1.1"
    growl "1.9.2"
    he "1.1.1"
    json3 "3.3.2"
    lodash.create "3.1.1"
    mkdirp "0.5.1"
    supports-color "3.1.2"

mrmr@~0.1.2:
  version "0.1.2"
  resolved "https://registry.yarnpkg.com/mrmr/-/mrmr-0.1.2.tgz#992e43dd0665ebb37b3ee8dcfc9317df526203a0"
  integrity sha512-Mp9g9pOJzR8sQT4hZhji4rICLM7FiJOfIvSuAYo8bRnWt3h4UuU0FNJFWuaOBKI+EJos0KVsVE3ddrewTrsVSg==
  dependencies:
    bindings "~1.3.0"
    bsert "~0.0.4"
    nan "~2.11.0"

ms@2.0.0:
  version "2.0.0"
  resolved "https://registry.yarnpkg.com/ms/-/ms-2.0.0.tgz#5608aeadfc00be6c2901df5f9861788de0d597c8"
  integrity sha1-VgiurfwAvmwpAd9fmGF4jeDVl8g=

n64@~0.2.2:
  version "0.2.2"
  resolved "https://registry.yarnpkg.com/n64/-/n64-0.2.2.tgz#a719b7aa4ad24a09bd41d42621f2bcd35136bd8b"
  integrity sha512-GZwT9n1Il1T4v+CKlefieFcaq7rubLTsqbGIBtXpt8rDMhw/ZmjJMdoj0hT/Qk86uSYnQ/RisRHp4ZmPS2Qfjw==

nan@~2.10.0:
  version "2.10.0"
  resolved "https://registry.yarnpkg.com/nan/-/nan-2.10.0.tgz#96d0cd610ebd58d4b4de9cc0c6828cda99c7548f"
  integrity sha512-bAdJv7fBLhWC+/Bls0Oza+mvTaNQtP+1RyhhhvD95pgUJz6XM5IzgmxOkItJ9tkoCiplvAnXI1tNmmUD/eScyA==

nan@~2.11.0:
  version "2.11.1"
  resolved "https://registry.yarnpkg.com/nan/-/nan-2.11.1.tgz#90e22bccb8ca57ea4cd37cc83d3819b52eea6766"
  integrity sha512-iji6k87OSXa0CcrLl9z+ZiYSuR2o+c0bGuNmXdrhTQTakxytAFsC56SArGYoiHlJlFoHSnvmhpceZJaXkVuOtA==

object-keys@~0.4.0:
  version "0.4.0"
  resolved "https://registry.yarnpkg.com/object-keys/-/object-keys-0.4.0.tgz#28a6aae7428dd2c3a92f3d95f21335dd204e0336"
  integrity sha1-KKaq50KN0sOpLz2V8hM13SBOAzY=

once@^1.3.0:
  version "1.4.0"
  resolved "https://registry.yarnpkg.com/once/-/once-1.4.0.tgz#583b1aa775961d4b113ac17d9c50baef9dd76bd1"
  integrity sha1-WDsap3WWHUsROsF9nFC6753Xa9E=
  dependencies:
    wrappy "1"

parse-passwd@^1.0.0:
  version "1.0.0"
  resolved "https://registry.yarnpkg.com/parse-passwd/-/parse-passwd-1.0.0.tgz#6d5b934a456993b23d37f40a382d6f1666a8e5c6"
  integrity sha1-bVuTSkVpk7I9N/QKOC1vFmao5cY=

path-is-absolute@^1.0.0:
  version "1.0.1"
  resolved "https://registry.yarnpkg.com/path-is-absolute/-/path-is-absolute-1.0.1.tgz#174b9268735534ffbc7ace6bf53a5a9e1b5c5f5f"
  integrity sha1-F0uSaHNVNP+8es5r9TpanhtcX18=

path-parse@^1.0.5:
  version "1.0.6"
  resolved "https://registry.yarnpkg.com/path-parse/-/path-parse-1.0.6.tgz#d62dbb5679405d72c4737ec58600e9ddcf06d24c"
  integrity sha512-GSmOT2EbHrINBf9SR7CDELwlJ8AENk3Qn7OikK4nFYAu3Ote2+JYNVvkpAEQm3/TLNEJFD/xZJjzyxg3KBWOzw==

pathval@^1.1.0:
  version "1.1.0"
  resolved "https://registry.yarnpkg.com/pathval/-/pathval-1.1.0.tgz#b942e6d4bde653005ef6b71361def8727d0645e0"
  integrity sha1-uULm1L3mUwBe9rcTYd74cn0GReA=

pegjs@^0.10.0:
  version "0.10.0"
  resolved "https://registry.yarnpkg.com/pegjs/-/pegjs-0.10.0.tgz#cf8bafae6eddff4b5a7efb185269eaaf4610ddbd"
  integrity sha1-z4uvrm7d/0tafvsYUmnqr0YQ3b0=

resolve@^1.3.2:
  version "1.8.1"
  resolved "https://registry.yarnpkg.com/resolve/-/resolve-1.8.1.tgz#82f1ec19a423ac1fbd080b0bab06ba36e84a7a26"
  integrity sha512-AicPrAC7Qu1JxPCZ9ZgCZlY35QgFnNqc+0LtbRNxnVw4TXvjQ72wnuL9JQcEBgXkI9JM8MsT9kaQoHcpCRJOYA==
  dependencies:
    path-parse "^1.0.5"

semver@^5.3.0:
  version "5.6.0"
  resolved "https://registry.yarnpkg.com/semver/-/semver-5.6.0.tgz#7e74256fbaa49c75aa7c7a205cc22799cac80004"
  integrity sha512-RS9R6R35NYgQn++fkDWaOmqGoj4Ek9gGs+DPxNUZKuwE183xjJroKvyo1IzVFeXvUrvmALy6FWD5xrdJT25gMg==

source-map-support@^0.4.0:
  version "0.4.18"
  resolved "https://registry.yarnpkg.com/source-map-support/-/source-map-support-0.4.18.tgz#0286a6de8be42641338594e97ccea75f0a2c585f"
  integrity sha512-try0/JqxPLF9nOjvSta7tVondkP5dwgyLDjVoyMDlmjugT2lRZ1OfsrYTkCd2hkDnJTKRbO/Rl3orm8vlsUzbA==
  dependencies:
    source-map "^0.5.6"

source-map@^0.5.6:
  version "0.5.7"
  resolved "https://registry.yarnpkg.com/source-map/-/source-map-0.5.7.tgz#8a039d2d1021d22d1ea14c80d8ea468ba2ef3fcc"
  integrity sha1-igOdLRAh0i0eoUyA2OpGi6LvP8w=

sprintf-js@~1.0.2:
  version "1.0.3"
  resolved "https://registry.yarnpkg.com/sprintf-js/-/sprintf-js-1.0.3.tgz#04e6926f662895354f3dd015203633b857297e2c"
  integrity sha1-BOaSb2YolTVPPdAVIDYzuFcpfiw=

strip-ansi@^3.0.0:
  version "3.0.1"
  resolved "https://registry.yarnpkg.com/strip-ansi/-/strip-ansi-3.0.1.tgz#6a385fb8853d952d5ff05d0e8aaf94278dc63dcf"
  integrity sha1-ajhfuIU9lS1f8F0Oiq+UJ43GPc8=
  dependencies:
    ansi-regex "^2.0.0"

strip-bom@^3.0.0:
  version "3.0.0"
  resolved "https://registry.yarnpkg.com/strip-bom/-/strip-bom-3.0.0.tgz#2334c18e9c759f7bdd56fdef7e9ae3d588e68ed3"
  integrity sha1-IzTBjpx1n3vdVv3vfprj1YjmjtM=

strip-json-comments@^2.0.0:
  version "2.0.1"
  resolved "https://registry.yarnpkg.com/strip-json-comments/-/strip-json-comments-2.0.1.tgz#3c531942e908c2697c0ec344858c286c7ca0a60a"
  integrity sha1-PFMZQukIwml8DsNEhYwobHygpgo=

supports-color@3.1.2:
  version "3.1.2"
  resolved "https://registry.yarnpkg.com/supports-color/-/supports-color-3.1.2.tgz#72a262894d9d408b956ca05ff37b2ed8a6e2a2d5"
  integrity sha1-cqJiiU2dQIuVbKBf83su2KbiotU=
  dependencies:
    has-flag "^1.0.0"

supports-color@^2.0.0:
  version "2.0.0"
  resolved "https://registry.yarnpkg.com/supports-color/-/supports-color-2.0.0.tgz#535d045ce6b6363fa40117084629995e9df324c7"
  integrity sha1-U10EXOa2Nj+kARcIRimZXp3zJMc=

supports-color@^5.3.0:
  version "5.5.0"
  resolved "https://registry.yarnpkg.com/supports-color/-/supports-color-5.5.0.tgz#e2e69a44ac8772f78a1ec0b35b689df6530efc8f"
  integrity sha512-QjVjwdXIt408MIiAqCX4oUKsgU2EqAGzs2Ppkm4aQYbjm+ZEWEcW4SfFNTr4uMNZma0ey4f5lgLrkB0aX0QMow==
  dependencies:
    has-flag "^3.0.0"

ts-node@^3.3.0:
  version "3.3.0"
  resolved "https://registry.yarnpkg.com/ts-node/-/ts-node-3.3.0.tgz#c13c6a3024e30be1180dd53038fc209289d4bf69"
  integrity sha1-wTxqMCTjC+EYDdUwOPwgkonUv2k=
  dependencies:
    arrify "^1.0.0"
    chalk "^2.0.0"
    diff "^3.1.0"
    make-error "^1.1.1"
    minimist "^1.2.0"
    mkdirp "^0.5.1"
    source-map-support "^0.4.0"
    tsconfig "^6.0.0"
    v8flags "^3.0.0"
    yn "^2.0.0"

tsconfig@^6.0.0:
  version "6.0.0"
  resolved "https://registry.yarnpkg.com/tsconfig/-/tsconfig-6.0.0.tgz#6b0e8376003d7af1864f8df8f89dd0059ffcd032"
  integrity sha1-aw6DdgA9evGGT434+J3QBZ/80DI=
  dependencies:
    strip-bom "^3.0.0"
    strip-json-comments "^2.0.0"

tslib@^1.8.0, tslib@^1.8.1:
  version "1.9.3"
  resolved "https://registry.yarnpkg.com/tslib/-/tslib-1.9.3.tgz#d7e4dd79245d85428c4d7e4822a79917954ca286"
  integrity sha512-4krF8scpejhaOgqzBEcGM7yDIEfi0/8+8zDRZhNZZ2kjmHJ4hv3zCbQWxoJGz1iw5U0Jl0nma13xzHXcncMavQ==

tslint-config-prettier@^1.15.0:
  version "1.16.0"
  resolved "https://registry.yarnpkg.com/tslint-config-prettier/-/tslint-config-prettier-1.16.0.tgz#4627d0e2639554d89210e480093c381b5186963f"
  integrity sha512-zu6RAcpBtqdvhT6KpBh9kRPYATjOf9BnRi718kNqVKFjEgSE4rFrPprFju1YJrkOa3RbtbWI1ZSuLd2NBX1MDw==

tslint@^5.11.0:
  version "5.11.0"
  resolved "https://registry.yarnpkg.com/tslint/-/tslint-5.11.0.tgz#98f30c02eae3cde7006201e4c33cb08b48581eed"
  integrity sha1-mPMMAurjzecAYgHkwzywi0hYHu0=
  dependencies:
    babel-code-frame "^6.22.0"
    builtin-modules "^1.1.1"
    chalk "^2.3.0"
    commander "^2.12.1"
    diff "^3.2.0"
    glob "^7.1.1"
    js-yaml "^3.7.0"
    minimatch "^3.0.4"
    resolve "^1.3.2"
    semver "^5.3.0"
    tslib "^1.8.0"
    tsutils "^2.27.2"

tsutils@^2.27.2:
  version "2.29.0"
  resolved "https://registry.yarnpkg.com/tsutils/-/tsutils-2.29.0.tgz#32b488501467acbedd4b85498673a0812aca0b99"
  integrity sha512-g5JVHCIJwzfISaXpXE1qvNalca5Jwob6FjI4AoPlqMusJ6ftFE7IkkFoMhVLRgK+4Kx3gkzb8UZK5t5yTTvEmA==
  dependencies:
    tslib "^1.8.1"

type-detect@^4.0.0, type-detect@^4.0.5:
  version "4.0.8"
  resolved "https://registry.yarnpkg.com/type-detect/-/type-detect-4.0.8.tgz#7646fb5f18871cfbb7749e69bd39a6388eb7450c"
  integrity sha512-0fr/mIH1dlO+x7TlcMy+bIDqKPsw/70tVyeHW787goQjhmqaZe10uwLujubK9q9Lg6Fiho1KUKDYz0Z7k7g5/g==

typedarray-to-buffer@~1.0.0:
  version "1.0.4"
  resolved "https://registry.yarnpkg.com/typedarray-to-buffer/-/typedarray-to-buffer-1.0.4.tgz#9bb8ba0e841fb3f4cf1fe7c245e9f3fa8a5fe99c"
  integrity sha1-m7i6DoQfs/TPH+fCRenz+opf6Zw=

typescript@^2.9.2:
  version "2.9.2"
  resolved "https://registry.yarnpkg.com/typescript/-/typescript-2.9.2.tgz#1cbf61d05d6b96269244eb6a3bce4bd914e0f00c"
  integrity sha512-Gr4p6nFNaoufRIY4NMdpQRNmgxVIGMs4Fcu/ujdYk3nAZqk7supzBE9idmvfZIlH/Cuj//dvi+019qEue9lV0w==

v8flags@^3.0.0:
  version "3.1.1"
  resolved "https://registry.yarnpkg.com/v8flags/-/v8flags-3.1.1.tgz#42259a1461c08397e37fe1d4f1cfb59cad85a053"
  integrity sha512-iw/1ViSEaff8NJ3HLyEjawk/8hjJib3E7pvG4pddVXfUg1983s3VGsiClDjhK64MQVDGqc1Q8r18S4VKQZS9EQ==
  dependencies:
    homedir-polyfill "^1.0.1"

wrappy@1:
  version "1.0.2"
  resolved "https://registry.yarnpkg.com/wrappy/-/wrappy-1.0.2.tgz#b5243d8f3ec1aa35f1364605bc0d1036e30ab69f"
  integrity sha1-tSQ9jz7BqjXxNkYFvA0QNuMKtp8=

xtend@~2.1.2:
  version "2.1.2"
  resolved "https://registry.yarnpkg.com/xtend/-/xtend-2.1.2.tgz#6efecc2a4dad8e6962c4901b337ce7ba87b5d28b"
  integrity sha1-bv7MKk2tjmlixJAbM3znuoe10os=
  dependencies:
    object-keys "~0.4.0"

xtend@~3.0.0:
  version "3.0.0"
  resolved "https://registry.yarnpkg.com/xtend/-/xtend-3.0.0.tgz#5cce7407baf642cba7becda568111c493f59665a"
  integrity sha1-XM50B7r2Qsunvs2laBEcST9ZZlo=

yn@^2.0.0:
  version "2.0.0"
  resolved "https://registry.yarnpkg.com/yn/-/yn-2.0.0.tgz#e5adabc8acf408f6385fc76495684c88e6af689a"
  integrity sha1-5a2ryKz0CPY4X8dklWhMiOavaJo=
